// !$*UTF8*$!
{
	archiveVersion = 1;
	classes = {
	};
	objectVersion = 55;
	objects = {

/* Begin PBXBuildFile section */
		683DF75627B2986E009CE7AE /* AppDelegate.swift in Sources */ = {isa = PBXBuildFile; fileRef = 683DF75527B2986E009CE7AE /* AppDelegate.swift */; };
		683DF75827B2986E009CE7AE /* SceneDelegate.swift in Sources */ = {isa = PBXBuildFile; fileRef = 683DF75727B2986E009CE7AE /* SceneDelegate.swift */; };
		683DF75A27B2986E009CE7AE /* MainViewController.swift in Sources */ = {isa = PBXBuildFile; fileRef = 683DF75927B2986E009CE7AE /* MainViewController.swift */; };
		683DF75D27B2986E009CE7AE /* Main.storyboard in Resources */ = {isa = PBXBuildFile; fileRef = 683DF75B27B2986E009CE7AE /* Main.storyboard */; };
		683DF75F27B29870009CE7AE /* Assets.xcassets in Resources */ = {isa = PBXBuildFile; fileRef = 683DF75E27B29870009CE7AE /* Assets.xcassets */; };
		683DF76227B29870009CE7AE /* LaunchScreen.storyboard in Resources */ = {isa = PBXBuildFile; fileRef = 683DF76027B29870009CE7AE /* LaunchScreen.storyboard */; };
		683DF76D27B299A7009CE7AE /* ViewData.swift in Sources */ = {isa = PBXBuildFile; fileRef = 683DF76C27B299A7009CE7AE /* ViewData.swift */; };
		683DF76F27B29A60009CE7AE /* MainViewModel.swift in Sources */ = {isa = PBXBuildFile; fileRef = 683DF76E27B29A60009CE7AE /* MainViewModel.swift */; };
		683DF77227B2A051009CE7AE /* TestView.swift in Sources */ = {isa = PBXBuildFile; fileRef = 683DF77127B2A051009CE7AE /* TestView.swift */; };
		683DF77427B2A095009CE7AE /* TestView + Extension.swift in Sources */ = {isa = PBXBuildFile; fileRef = 683DF77327B2A095009CE7AE /* TestView + Extension.swift */; };
/* End PBXBuildFile section */

/* Begin PBXFileReference section */
		683DF75227B2986E009CE7AE /* MVVM+DataDrivenUI.app */ = {isa = PBXFileReference; explicitFileType = wrapper.application; includeInIndex = 0; path = "MVVM+DataDrivenUI.app"; sourceTree = BUILT_PRODUCTS_DIR; };
		683DF75527B2986E009CE7AE /* AppDelegate.swift */ = {isa = PBXFileReference; lastKnownFileType = sourcecode.swift; path = AppDelegate.swift; sourceTree = "<group>"; };
		683DF75727B2986E009CE7AE /* SceneDelegate.swift */ = {isa = PBXFileReference; lastKnownFileType = sourcecode.swift; path = SceneDelegate.swift; sourceTree = "<group>"; };
		683DF75927B2986E009CE7AE /* MainViewController.swift */ = {isa = PBXFileReference; lastKnownFileType = sourcecode.swift; path = MainViewController.swift; sourceTree = "<group>"; };
		683DF75C27B2986E009CE7AE /* Base */ = {isa = PBXFileReference; lastKnownFileType = file.storyboard; name = Base; path = Base.lproj/Main.storyboard; sourceTree = "<group>"; };
		683DF75E27B29870009CE7AE /* Assets.xcassets */ = {isa = PBXFileReference; lastKnownFileType = folder.assetcatalog; path = Assets.xcassets; sourceTree = "<group>"; };
		683DF76127B29870009CE7AE /* Base */ = {isa = PBXFileReference; lastKnownFileType = file.storyboard; name = Base; path = Base.lproj/LaunchScreen.storyboard; sourceTree = "<group>"; };
		683DF76327B29870009CE7AE /* Info.plist */ = {isa = PBXFileReference; lastKnownFileType = text.plist.xml; path = Info.plist; sourceTree = "<group>"; };
		683DF76C27B299A7009CE7AE /* ViewData.swift */ = {isa = PBXFileReference; lastKnownFileType = sourcecode.swift; name = ViewData.swift; path = View/ViewData.swift; sourceTree = "<group>"; };
		683DF76E27B29A60009CE7AE /* MainViewModel.swift */ = {isa = PBXFileReference; lastKnownFileType = sourcecode.swift; path = MainViewModel.swift; sourceTree = "<group>"; };
		683DF77127B2A051009CE7AE /* TestView.swift */ = {isa = PBXFileReference; lastKnownFileType = sourcecode.swift; path = TestView.swift; sourceTree = "<group>"; };
		683DF77327B2A095009CE7AE /* TestView + Extension.swift */ = {isa = PBXFileReference; lastKnownFileType = sourcecode.swift; path = "TestView + Extension.swift"; sourceTree = "<group>"; };
/* End PBXFileReference section */

/* Begin PBXFrameworksBuildPhase section */
		683DF74F27B2986E009CE7AE /* Frameworks */ = {
			isa = PBXFrameworksBuildPhase;
			buildActionMask = 2147483647;
			files = (
			);
			runOnlyForDeploymentPostprocessing = 0;
		};
/* End PBXFrameworksBuildPhase section */

/* Begin PBXGroup section */
		683DF74927B2986E009CE7AE = {
			isa = PBXGroup;
			children = (
				683DF75427B2986E009CE7AE /* MVVM+DataDrivenUI */,
				683DF75327B2986E009CE7AE /* Products */,
			);
			sourceTree = "<group>";
		};
		683DF75327B2986E009CE7AE /* Products */ = {
			isa = PBXGroup;
			children = (
				683DF75227B2986E009CE7AE /* MVVM+DataDrivenUI.app */,
			);
			name = Products;
			sourceTree = "<group>";
		};
		683DF75427B2986E009CE7AE /* MVVM+DataDrivenUI */ = {
			isa = PBXGroup;
			children = (
				683DF75527B2986E009CE7AE /* AppDelegate.swift */,
				683DF75727B2986E009CE7AE /* SceneDelegate.swift */,
				683DF76927B298F8009CE7AE /* MainModule */,
				683DF75B27B2986E009CE7AE /* Main.storyboard */,
				683DF75E27B29870009CE7AE /* Assets.xcassets */,
				683DF76027B29870009CE7AE /* LaunchScreen.storyboard */,
				683DF76327B29870009CE7AE /* Info.plist */,
			);
			path = "MVVM+DataDrivenUI";
			sourceTree = "<group>";
		};
		683DF76927B298F8009CE7AE /* MainModule */ = {
			isa = PBXGroup;
			children = (
				683DF76A27B2993A009CE7AE /* View */,
				683DF77027B29A6A009CE7AE /* ViewModel */,
				683DF76B27B29979009CE7AE /* Model */,
			);
			name = MainModule;
			sourceTree = "<group>";
		};
		683DF76A27B2993A009CE7AE /* View */ = {
			isa = PBXGroup;
			children = (
				683DF75927B2986E009CE7AE /* MainViewController.swift */,
				683DF77127B2A051009CE7AE /* TestView.swift */,
				683DF77327B2A095009CE7AE /* TestView + Extension.swift */,
			);
			path = View;
			sourceTree = "<group>";
		};
		683DF76B27B29979009CE7AE /* Model */ = {
			isa = PBXGroup;
			children = (
				683DF76C27B299A7009CE7AE /* ViewData.swift */,
			);
			name = Model;
			sourceTree = "<group>";
		};
		683DF77027B29A6A009CE7AE /* ViewModel */ = {
			isa = PBXGroup;
			children = (
				683DF76E27B29A60009CE7AE /* MainViewModel.swift */,
			);
			name = ViewModel;
			sourceTree = "<group>";
		};
/* End PBXGroup section */

/* Begin PBXNativeTarget section */
		683DF75127B2986E009CE7AE /* MVVM+DataDrivenUI */ = {
			isa = PBXNativeTarget;
			buildConfigurationList = 683DF76627B29870009CE7AE /* Build configuration list for PBXNativeTarget "MVVM+DataDrivenUI" */;
			buildPhases = (
				683DF74E27B2986E009CE7AE /* Sources */,
				683DF74F27B2986E009CE7AE /* Frameworks */,
				683DF75027B2986E009CE7AE /* Resources */,
			);
			buildRules = (
			);
			dependencies = (
			);
			name = "MVVM+DataDrivenUI";
			productName = "MVVM+DataDrivenUI";
			productReference = 683DF75227B2986E009CE7AE /* MVVM+DataDrivenUI.app */;
			productType = "com.apple.product-type.application";
		};
/* End PBXNativeTarget section */

/* Begin PBXProject section */
		683DF74A27B2986E009CE7AE /* Project object */ = {
			isa = PBXProject;
			attributes = {
				BuildIndependentTargetsInParallel = 1;
				LastSwiftUpdateCheck = 1310;
				LastUpgradeCheck = 1310;
				TargetAttributes = {
					683DF75127B2986E009CE7AE = {
						CreatedOnToolsVersion = 13.1;
					};
				};
			};
			buildConfigurationList = 683DF74D27B2986E009CE7AE /* Build configuration list for PBXProject "MVVM+DataDrivenUI" */;
			compatibilityVersion = "Xcode 13.0";
			developmentRegion = en;
			hasScannedForEncodings = 0;
			knownRegions = (
				en,
				Base,
			);
			mainGroup = 683DF74927B2986E009CE7AE;
			productRefGroup = 683DF75327B2986E009CE7AE /* Products */;
			projectDirPath = "";
			projectRoot = "";
			targets = (
				683DF75127B2986E009CE7AE /* MVVM+DataDrivenUI */,
			);
		};
/* End PBXProject section */

/* Begin PBXResourcesBuildPhase section */
		683DF75027B2986E009CE7AE /* Resources */ = {
			isa = PBXResourcesBuildPhase;
			buildActionMask = 2147483647;
			files = (
				683DF76227B29870009CE7AE /* LaunchScreen.storyboard in Resources */,
				683DF75F27B29870009CE7AE /* Assets.xcassets in Resources */,
				683DF75D27B2986E009CE7AE /* Main.storyboard in Resources */,
			);
			runOnlyForDeploymentPostprocessing = 0;
		};
/* End PBXResourcesBuildPhase section */

/* Begin PBXSourcesBuildPhase section */
		683DF74E27B2986E009CE7AE /* Sources */ = {
			isa = PBXSourcesBuildPhase;
			buildActionMask = 2147483647;
			files = (
				683DF77227B2A051009CE7AE /* TestView.swift in Sources */,
				683DF76F27B29A60009CE7AE /* MainViewModel.swift in Sources */,
				683DF75A27B2986E009CE7AE /* MainViewController.swift in Sources */,
				683DF76D27B299A7009CE7AE /* ViewData.swift in Sources */,
				683DF75627B2986E009CE7AE /* AppDelegate.swift in Sources */,
				683DF75827B2986E009CE7AE /* SceneDelegate.swift in Sources */,
				683DF77427B2A095009CE7AE /* TestView + Extension.swift in Sources */,
			);
			runOnlyForDeploymentPostprocessing = 0;
		};
/* End PBXSourcesBuildPhase section */

/* Begin PBXVariantGroup section */
		683DF75B27B2986E009CE7AE /* Main.storyboard */ = {
			isa = PBXVariantGroup;
			children = (
				683DF75C27B2986E009CE7AE /* Base */,
			);
			name = Main.storyboard;
			sourceTree = "<group>";
		};
		683DF76027B29870009CE7AE /* LaunchScreen.storyboard */ = {
			isa = PBXVariantGroup;
			children = (
				683DF76127B29870009CE7AE /* Base */,
			);
			name = LaunchScreen.storyboard;
			sourceTree = "<group>";
		};
/* End PBXVariantGroup section */

/* Begin XCBuildConfiguration section */
		683DF76427B29870009CE7AE /* Debug */ = {
			isa = XCBuildConfiguration;
			buildSettings = {
				ALWAYS_SEARCH_USER_PATHS = NO;
				CLANG_ANALYZER_NONNULL = YES;
				CLANG_ANALYZER_NUMBER_OBJECT_CONVERSION = YES_AGGRESSIVE;
				CLANG_CXX_LANGUAGE_STANDARD = "gnu++17";
				CLANG_CXX_LIBRARY = "libc++";
				CLANG_ENABLE_MODULES = YES;
				CLANG_ENABLE_OBJC_ARC = YES;
				CLANG_ENABLE_OBJC_WEAK = YES;
				CLANG_WARN_BLOCK_CAPTURE_AUTORELEASING = YES;
				CLANG_WARN_BOOL_CONVERSION = YES;
				CLANG_WARN_COMMA = YES;
				CLANG_WARN_CONSTANT_CONVERSION = YES;
				CLANG_WARN_DEPRECATED_OBJC_IMPLEMENTATIONS = YES;
				CLANG_WARN_DIRECT_OBJC_ISA_USAGE = YES_ERROR;
				CLANG_WARN_DOCUMENTATION_COMMENTS = YES;
				CLANG_WARN_EMPTY_BODY = YES;
				CLANG_WARN_ENUM_CONVERSION = YES;
				CLANG_WARN_INFINITE_RECURSION = YES;
				CLANG_WARN_INT_CONVERSION = YES;
				CLANG_WARN_NON_LITERAL_NULL_CONVERSION = YES;
				CLANG_WARN_OBJC_IMPLICIT_RETAIN_SELF = YES;
				CLANG_WARN_OBJC_LITERAL_CONVERSION = YES;
				CLANG_WARN_OBJC_ROOT_CLASS = YES_ERROR;
				CLANG_WARN_QUOTED_INCLUDE_IN_FRAMEWORK_HEADER = YES;
				CLANG_WARN_RANGE_LOOP_ANALYSIS = YES;
				CLANG_WARN_STRICT_PROTOTYPES = YES;
				CLANG_WARN_SUSPICIOUS_MOVE = YES;
				CLANG_WARN_UNGUARDED_AVAILABILITY = YES_AGGRESSIVE;
				CLANG_WARN_UNREACHABLE_CODE = YES;
				CLANG_WARN__DUPLICATE_METHOD_MATCH = YES;
				COPY_PHASE_STRIP = NO;
				DEBUG_INFORMATION_FORMAT = dwarf;
				ENABLE_STRICT_OBJC_MSGSEND = YES;
				ENABLE_TESTABILITY = YES;
				GCC_C_LANGUAGE_STANDARD = gnu11;
				GCC_DYNAMIC_NO_PIC = NO;
				GCC_NO_COMMON_BLOCKS = YES;
				GCC_OPTIMIZATION_LEVEL = 0;
				GCC_PREPROCESSOR_DEFINITIONS = (
					"DEBUG=1",
					"$(inherited)",
				);
				GCC_WARN_64_TO_32_BIT_CONVERSION = YES;
				GCC_WARN_ABOUT_RETURN_TYPE = YES_ERROR;
				GCC_WARN_UNDECLARED_SELECTOR = YES;
				GCC_WARN_UNINITIALIZED_AUTOS = YES_AGGRESSIVE;
				GCC_WARN_UNUSED_FUNCTION = YES;
				GCC_WARN_UNUSED_VARIABLE = YES;
				IPHONEOS_DEPLOYMENT_TARGET = 15.0;
				MTL_ENABLE_DEBUG_INFO = INCLUDE_SOURCE;
				MTL_FAST_MATH = YES;
				ONLY_ACTIVE_ARCH = YES;
				SDKROOT = iphoneos;
				SWIFT_ACTIVE_COMPILATION_CONDITIONS = DEBUG;
				SWIFT_OPTIMIZATION_LEVEL = "-Onone";
			};
			name = Debug;
		};
		683DF76527B29870009CE7AE /* Release */ = {
			isa = XCBuildConfiguration;
			buildSettings = {
				ALWAYS_SEARCH_USER_PATHS = NO;
				CLANG_ANALYZER_NONNULL = YES;
				CLANG_ANALYZER_NUMBER_OBJECT_CONVERSION = YES_AGGRESSIVE;
				CLANG_CXX_LANGUAGE_STANDARD = "gnu++17";
				CLANG_CXX_LIBRARY = "libc++";
				CLANG_ENABLE_MODULES = YES;
				CLANG_ENABLE_OBJC_ARC = YES;
				CLANG_ENABLE_OBJC_WEAK = YES;
				CLANG_WARN_BLOCK_CAPTURE_AUTORELEASING = YES;
				CLANG_WARN_BOOL_CONVERSION = YES;
				CLANG_WARN_COMMA = YES;
				CLANG_WARN_CONSTANT_CONVERSION = YES;
				CLANG_WARN_DEPRECATED_OBJC_IMPLEMENTATIONS = YES;
				CLANG_WARN_DIRECT_OBJC_ISA_USAGE = YES_ERROR;
				CLANG_WARN_DOCUMENTATION_COMMENTS = YES;
				CLANG_WARN_EMPTY_BODY = YES;
				CLANG_WARN_ENUM_CONVERSION = YES;
				CLANG_WARN_INFINITE_RECURSION = YES;
				CLANG_WARN_INT_CONVERSION = YES;
				CLANG_WARN_NON_LITERAL_NULL_CONVERSION = YES;
				CLANG_WARN_OBJC_IMPLICIT_RETAIN_SELF = YES;
				CLANG_WARN_OBJC_LITERAL_CONVERSION = YES;
				CLANG_WARN_OBJC_ROOT_CLASS = YES_ERROR;
				CLANG_WARN_QUOTED_INCLUDE_IN_FRAMEWORK_HEADER = YES;
				CLANG_WARN_RANGE_LOOP_ANALYSIS = YES;
				CLANG_WARN_STRICT_PROTOTYPES = YES;
				CLANG_WARN_SUSPICIOUS_MOVE = YES;
				CLANG_WARN_UNGUARDED_AVAILABILITY = YES_AGGRESSIVE;
				CLANG_WARN_UNREACHABLE_CODE = YES;
				CLANG_WARN__DUPLICATE_METHOD_MATCH = YES;
				COPY_PHASE_STRIP = NO;
				DEBUG_INFORMATION_FORMAT = "dwarf-with-dsym";
				ENABLE_NS_ASSERTIONS = NO;
				ENABLE_STRICT_OBJC_MSGSEND = YES;
				GCC_C_LANGUAGE_STANDARD = gnu11;
				GCC_NO_COMMON_BLOCKS = YES;
				GCC_WARN_64_TO_32_BIT_CONVERSION = YES;
				GCC_WARN_ABOUT_RETURN_TYPE = YES_ERROR;
				GCC_WARN_UNDECLARED_SELECTOR = YES;
				GCC_WARN_UNINITIALIZED_AUTOS = YES_AGGRESSIVE;
				GCC_WARN_UNUSED_FUNCTION = YES;
				GCC_WARN_UNUSED_VARIABLE = YES;
				IPHONEOS_DEPLOYMENT_TARGET = 15.0;
				MTL_ENABLE_DEBUG_INFO = NO;
				MTL_FAST_MATH = YES;
				SDKROOT = iphoneos;
				SWIFT_COMPILATION_MODE = wholemodule;
				SWIFT_OPTIMIZATION_LEVEL = "-O";
				VALIDATE_PRODUCT = YES;
			};
			name = Release;
		};
		683DF76727B29870009CE7AE /* Debug */ = {
			isa = XCBuildConfiguration;
			buildSettings = {
				ASSETCATALOG_COMPILER_APPICON_NAME = AppIcon;
				ASSETCATALOG_COMPILER_GLOBAL_ACCENT_COLOR_NAME = AccentColor;
				CODE_SIGN_STYLE = Automatic;
				CURRENT_PROJECT_VERSION = 1;
				DEVELOPMENT_TEAM = PK5GMP355X;
				GENERATE_INFOPLIST_FILE = YES;
				INFOPLIST_FILE = "MVVM+DataDrivenUI/Info.plist";
				INFOPLIST_KEY_UIApplicationSupportsIndirectInputEvents = YES;
				INFOPLIST_KEY_UILaunchStoryboardName = LaunchScreen;
				INFOPLIST_KEY_UIMainStoryboardFile = Main;
				INFOPLIST_KEY_UISupportedInterfaceOrientations = UIInterfaceOrientationPortrait;
				INFOPLIST_KEY_UISupportedInterfaceOrientations_iPad = "UIInterfaceOrientationPortrait UIInterfaceOrientationPortraitUpsideDown UIInterfaceOrientationLandscapeLeft UIInterfaceOrientationLandscapeRight";
				INFOPLIST_KEY_UISupportedInterfaceOrientations_iPhone = "UIInterfaceOrientationPortrait UIInterfaceOrientationLandscapeLeft UIInterfaceOrientationLandscapeRight";
				LD_RUNPATH_SEARCH_PATHS = (
					"$(inherited)",
					"@executable_path/Frameworks",
				);
				MARKETING_VERSION = 1.0;
				PRODUCT_BUNDLE_IDENTIFIER = "ru.Kelevra.MVVM-DataDrivenUI";
				PRODUCT_NAME = "$(TARGET_NAME)";
				SWIFT_EMIT_LOC_STRINGS = YES;
				SWIFT_VERSION = 5.0;
				TARGETED_DEVICE_FAMILY = 1;
			};
			name = Debug;
		};
		683DF76827B29870009CE7AE /* Release */ = {
			isa = XCBuildConfiguration;
			buildSettings = {
				ASSETCATALOG_COMPILER_APPICON_NAME = AppIcon;
				ASSETCATALOG_COMPILER_GLOBAL_ACCENT_COLOR_NAME = AccentColor;
				CODE_SIGN_STYLE = Automatic;
				CURRENT_PROJECT_VERSION = 1;
				DEVELOPMENT_TEAM = PK5GMP355X;
				GENERATE_INFOPLIST_FILE = YES;
				INFOPLIST_FILE = "MVVM+DataDrivenUI/Info.plist";
				INFOPLIST_KEY_UIApplicationSupportsIndirectInputEvents = YES;
				INFOPLIST_KEY_UILaunchStoryboardName = LaunchScreen;
				INFOPLIST_KEY_UIMainStoryboardFile = Main;
				INFOPLIST_KEY_UISupportedInterfaceOrientations = UIInterfaceOrientationPortrait;
				INFOPLIST_KEY_UISupportedInterfaceOrientations_iPad = "UIInterfaceOrientationPortrait UIInterfaceOrientationPortraitUpsideDown UIInterfaceOrientationLandscapeLeft UIInterfaceOrientationLandscapeRight";
				INFOPLIST_KEY_UISupportedInterfaceOrientations_iPhone = "UIInterfaceOrientationPortrait UIInterfaceOrientationLandscapeLeft UIInterfaceOrientationLandscapeRight";
				LD_RUNPATH_SEARCH_PATHS = (
					"$(inherited)",
					"@executable_path/Frameworks",
				);
				MARKETING_VERSION = 1.0;
				PRODUCT_BUNDLE_IDENTIFIER = "ru.Kelevra.MVVM-DataDrivenUI";
				PRODUCT_NAME = "$(TARGET_NAME)";
				SWIFT_EMIT_LOC_STRINGS = YES;
				SWIFT_VERSION = 5.0;
				TARGETED_DEVICE_FAMILY = 1;
			};
			name = Release;
		};
/* End XCBuildConfiguration section */

/* Begin XCConfigurationList section */
		683DF74D27B2986E009CE7AE /* Build configuration list for PBXProject "MVVM+DataDrivenUI" */ = {
			isa = XCConfigurationList;
			buildConfigurations = (
				683DF76427B29870009CE7AE /* Debug */,
				683DF76527B29870009CE7AE /* Release */,
			);
			defaultConfigurationIsVisible = 0;
			defaultConfigurationName = Release;
		};
		683DF76627B29870009CE7AE /* Build configuration list for PBXNativeTarget "MVVM+DataDrivenUI" */ = {
			isa = XCConfigurationList;
			buildConfigurations = (
				683DF76727B29870009CE7AE /* Debug */,
				683DF76827B29870009CE7AE /* Release */,
			);
			defaultConfigurationIsVisible = 0;
			defaultConfigurationName = Release;
		};
/* End XCConfigurationList section */
	};
	rootObject = 683DF74A27B2986E009CE7AE /* Project object */;
}
